---
lockfileVersion: 1
lockfileVendor: redhat
arches:
- arch: x86_64
  packages:
  - url: https://cdn-ubi.redhat.com/content/public/ubi/dist/ubi9/9/x86_64/appstream/os/Packages/a/aardvark-dns-1.17.0-1.el9.x86_64.rpm
    repoid: ubi-9-for-x86_64-appstream-rpms
    size: 913252
    checksum: sha256:ec358de7bb82149cb264315811a73332779e7a388d80abd6db0c23c3ade5975a
    name: aardvark-dns
    evr: 2:1.17.0-1.el9
    sourcerpm: aardvark-dns-1.17.0-1.el9.src.rpm
  - url: https://cdn-ubi.redhat.com/content/public/ubi/dist/ubi9/9/x86_64/appstream/os/Packages/b/buildah-1.43.1-2.el9_8.x86_64.rpm
    repoid: ubi-9-for-x86_64-appstream-rpms
    size: 11132784
    checksum: sha256:3d3d965deaa746ea60b507ff89e69b1c914572772d2f2e1bfa2090179e88f6b8
    name: buildah
    evr: 2:1.43.1-2.el9_8
    sourcerpm: buildah-1.43.1-2.el9_8.src.rpm
  - url: https://cdn-ubi.redhat.com/content/public/ubi/dist/ubi9/9/x86_64/appstream/os/Packages/c/conmon-2.2.1-1.el9.x86_64.rpm
    repoid: ubi-9-for-x86_64-appstream-rpms
    size: 55683
    checksum: sha256:49f0a60fcbc1e2957f40baddbb636e169b27ab97bce967f66696be0fec7bafd7
    name: conmon
    evr: 3:2.2.1-1.el9
    sourcerpm: conmon-2.2.1-1.el9.src.rpm
  - url: https://cdn-ubi.redhat.com/content/public/ubi/dist/ubi9/9/x86_64/appstream/os/Packages/c/containers-common-5.8-1.el9.x86_64.rpm
    repoid: ubi-9-for-x86_64-appstream-rpms
    size: 170139
    checksum: sha256:6db3b80aff7a892ea57ce84c95d0cd62bd70f43b1824009bc9a2ba47bca629d2
    name: containers-common
    evr: 5:5.8-1.el9
    sourcerpm: containers-common-5.8-1.el9.src.rpm
  - url: https://cdn-ubi.redhat.com/content/public/ubi/dist/ubi9/9/x86_64/appstream/os/Packages/c/containers-common-extra-5.8-1.el9.x86_64.rpm
    repoid: ubi-9-for-x86_64-appstream-rpms
    size: 12605
    checksum: sha256:252b7ef1a13dd3c631adbda1396fad73024f4b8b2d9b2a4e06502c46ce761f2e
    name: containers-common-extra
    evr: 5:5.8-1.el9
    sourcerpm: containers-common-5.8-1.el9.src.rpm
  - url: https://cdn-ubi.redhat.com/content/public/ubi/dist/ubi9/9/x86_64/appstream/os/Packages/c/criu-3.19-3.el9.x86_64.rpm
    repoid: ubi-9-for-x86_64-appstream-rpms
    size: 569988
    checksum: sha256:991367e0ca6f3b1672f98ffccc32d43c2b959bf8b82562b79e9f9ff5be23642b
    name: criu
    evr: 3.19-3.el9
    sourcerpm: criu-3.19-3.el9.src.rpm
  - url: https://cdn-ubi.redhat.com/content/public/ubi/dist/ubi9/9/x86_64/appstream/os/Packages/c/criu-libs-3.19-3.el9.x86_64.rpm
    repoid: ubi-9-for-x86_64-appstream-rpms
    size: 31913
    checksum: sha256:37144e6c13da6a622fb1f15d0ff3a36fc359477db916a157fefb5d1934881614
    name: criu-libs
    evr: 3.19-3.el9
    sourcerpm: criu-3.19-3.el9.src.rpm
  - url: https://cdn-ubi.redhat.com/content/public/ubi/dist/ubi9/9/x86_64/appstream/os/Packages/c/crun-1.27-1.el9_8.x86_64.rpm
    repoid: ubi-9-for-x86_64-appstream-rpms
    size: 268116
    checksum: sha256:0fc29837716c71995f2e7ffe6d11d937260c0eea9fa07beae3d2671cb7363ebd
    name: crun
    evr: 1.27-1.el9_8
    sourcerpm: crun-1.27-1.el9_8.src.rpm
  - url: https://cdn-ubi.redhat.com/content/public/ubi/dist/ubi9/9/x86_64/appstream/os/Packages/f/fuse-overlayfs-1.16-1.el9_7.x86_64.rpm
    repoid: ubi-9-for-x86_64-appstream-rpms
    size: 67299
    checksum: sha256:e5069c6983d99bbd995748e9cd50712b8daaef07750d270c65246278b71fc37a
    name: fuse-overlayfs
    evr: 1.16-1.el9_7
    sourcerpm: fuse-overlayfs-1.16-1.el9_7.src.rpm
  - url: https://cdn-ubi.redhat.com/content/public/ubi/dist/ubi9/9/x86_64/appstream/os/Packages/f/fuse3-3.10.2-9.el9.x86_64.rpm
    repoid: ubi-9-for-x86_64-appstream-rpms
    size: 58706
    checksum: sha256:4674b4ee6150c8f8be01a028a471c209a6be7c0cf78e9450cf28fb01eaed9ea2
    name: fuse3
    evr: 3.10.2-9.el9
    sourcerpm: fuse3-3.10.2-9.el9.src.rpm
  - url: https://cdn-ubi.redhat.com/content/public/ubi/dist/ubi9/9/x86_64/appstream/os/Packages/f/fuse3-libs-3.10.2-9.el9.x86_64.rpm
    repoid: ubi-9-for-x86_64-appstream-rpms
    size: 95573
    checksum: sha256:945e1d95edbce9c7dba52e9317d4564381efa5a1ba48d4bd49a58c85e47cd717
    name: fuse3-libs
    evr: 3.10.2-9.el9
    sourcerpm: fuse3-3.10.2-9.el9.src.rpm
  - url: https://cdn-ubi.redhat.com/content/public/ubi/dist/ubi9/9/x86_64/appstream/os/Packages/g/git-core-2.52.0-1.el9.x86_64.rpm
    repoid: ubi-9-for-x86_64-appstream-rpms
    size: 5293286
    checksum: sha256:6264aa556d583604f34def3674f5830a70cfee0aac283719e4df295db38acb53
    name: git-core
    evr: 2.52.0-1.el9
    sourcerpm: git-2.52.0-1.el9.src.rpm
  - url: https://cdn-ubi.redhat.com/content/public/ubi/dist/ubi9/9/x86_64/appstream/os/Packages/l/libnet-1.2-7.el9.x86_64.rpm
    repoid: ubi-9-for-x86_64-appstream-rpms
    size: 61278
    checksum: sha256:738b9a7ab78c149487e349d90c384b59031d5763ba687a6b58a4f853671af86b
    name: libnet
    evr: 1.2-7.el9
    sourcerpm: libnet-1.2-7.el9.src.rpm
  - url: https://cdn-ubi.redhat.com/content/public/ubi/dist/ubi9/9/x86_64/appstream/os/Packages/l/libnsl2-2.0.0-1.el9.x86_64.rpm
    repoid: ubi-9-for-x86_64-appstream-rpms
    size: 33287
    checksum: sha256:052f7a182180528ba6e3c4378e5dcfb84640594a3e2e7bbe4f0167381e824ce0
    name: libnsl2
    evr: 2.0.0-1.el9
    sourcerpm: libnsl2-2.0.0-1.el9.src.rpm
  - url: https://cdn-ubi.redhat.com/content/public/ubi/dist/ubi9/9/x86_64/appstream/os/Packages/l/libslirp-4.4.0-8.el9.x86_64.rpm
    repoid: ubi-9-for-x86_64-appstream-rpms
    size: 71992
    checksum: sha256:9bd269ec50504f997683e963481f870bb937c3cfdb54a057e9acca67bf2b7631
    name: libslirp
    evr: 4.4.0-8.el9
    sourcerpm: libslirp-4.4.0-8.el9.src.rpm
  - url: https://cdn-ubi.redhat.com/content/public/ubi/dist/ubi9/9/x86_64/appstream/os/Packages/l/libxcrypt-compat-4.4.18-3.el9.x86_64.rpm
    repoid: ubi-9-for-x86_64-appstream-rpms
    size: 93189
    checksum: sha256:2bd6c288e1970a001d3a1ae69166c0d926d9c87ce892edcb2110f4e142c12a7a
    name: libxcrypt-compat
    evr: 4.4.18-3.el9
    sourcerpm: libxcrypt-4.4.18-3.el9.src.rpm
  - url: https://cdn-ubi.redhat.com/content/public/ubi/dist/ubi9/9/x86_64/appstream/os/Packages/m/mpdecimal-2.5.1-3.el9.x86_64.rpm
    repoid: ubi-9-for-x86_64-appstream-rpms
    size: 89670
    checksum: sha256:89a8c9951ac56bed2caa1adbcba349c021af1134b6e2df3fc0a8a60577a4f54d
    name: mpdecimal
    evr: 2.5.1-3.el9
    sourcerpm: mpdecimal-2.5.1-3.el9.src.rpm
  - url: https://cdn-ubi.redhat.com/content/public/ubi/dist/ubi9/9/x86_64/appstream/os/Packages/n/netavark-1.17.2-1.el9.x86_64.rpm
    repoid: ubi-9-for-x86_64-appstream-rpms
    size: 3212162
    checksum: sha256:1bf196b5daa0aa92bd1408418773d70eadbc15442ec8b7f4b91a7be0b41cf693
    name: netavark
    evr: 2:1.17.2-1.el9
    sourcerpm: netavark-1.17.2-1.el9.src.rpm
  - url: https://cdn-ubi.redhat.com/content/public/ubi/dist/ubi9/9/x86_64/appstream/os/Packages/o/oniguruma-6.9.6-1.el9.5.x86_64.rpm
    repoid: ubi-9-for-x86_64-appstream-rpms
    size: 226331
    checksum: sha256:6c884cc2216e5b4699ebd8cde27b39e99532520b367f645ed6cc660d081916dc
    name: oniguruma
    evr: 6.9.6-1.el9.5
    sourcerpm: oniguruma-6.9.6-1.el9.5.src.rpm
  - url: https://cdn-ubi.redhat.com/content/public/ubi/dist/ubi9/9/x86_64/appstream/os/Packages/p/passt-0^20251210.gd04c480-5.el9_8.x86_64.rpm
    repoid: ubi-9-for-x86_64-appstream-rpms
    size: 294836
    checksum: sha256:ef8db6d7789e52961c86b576ccc20cbe8366db03780710bb89b8a37d4e6bd153
    name: passt
    evr: 0^20251210.gd04c480-5.el9_8
    sourcerpm: passt-0^20251210.gd04c480-5.el9_8.src.rpm
  - url: https://cdn-ubi.redhat.com/content/public/ubi/dist/ubi9/9/x86_64/appstream/os/Packages/p/podman-5.8.2-3.el9_8.x86_64.rpm
    repoid: ubi-9-for-x86_64-appstream-rpms
    size: 17299731
    checksum: sha256:cfe0f322a4d20cab6793948b9b1c8b5c0c933799f2eba32d942e014dc97d0aa6
    name: podman
    evr: 6:5.8.2-3.el9_8
    sourcerpm: podman-5.8.2-3.el9_8.src.rpm
  - url: https://cdn-ubi.redhat.com/content/public/ubi/dist/ubi9/9/x86_64/appstream/os/Packages/p/python3.11-3.11.13-10.el9_8.x86_64.rpm
    repoid: ubi-9-for-x86_64-appstream-rpms
    size: 32134
    checksum: sha256:a05e16b5733bceb90f8fc47ffabd7a888d4ba4c7f38af0438a1b871afcb4ea54
    name: python3.11
    evr: 3.11.13-10.el9_8
    sourcerpm: python3.11-3.11.13-10.el9_8.src.rpm
  - url: https://cdn-ubi.redhat.com/content/public/ubi/dist/ubi9/9/x86_64/appstream/os/Packages/p/python3.11-libs-3.11.13-10.el9_8.x86_64.rpm
    repoid: ubi-9-for-x86_64-appstream-rpms
    size: 10713074
    checksum: sha256:81e36bc590fa38f5170e0b577df4401a48390170b0929667d0905e0cc4b47043
    name: python3.11-libs
    evr: 3.11.13-10.el9_8
    sourcerpm: python3.11-3.11.13-10.el9_8.src.rpm
  - url: https://cdn-ubi.redhat.com/content/public/ubi/dist/ubi9/9/x86_64/appstream/os/Packages/p/python3.11-pip-wheel-22.3.1-6.el9.noarch.rpm
    repoid: ubi-9-for-x86_64-appstream-rpms
    size: 1488665
    checksum: sha256:0e7e797af157c892a9fce0b6bf9f7b77db57250a16f049ae631e9acae79b5156
    name: python3.11-pip-wheel
    evr: 22.3.1-6.el9
    sourcerpm: python3.11-pip-22.3.1-6.el9.src.rpm
  - url: https://cdn-ubi.redhat.com/content/public/ubi/dist/ubi9/9/x86_64/appstream/os/Packages/p/python3.11-setuptools-wheel-65.5.1-5.el9.noarch.rpm
    repoid: ubi-9-for-x86_64-appstream-rpms
    size: 730338
    checksum: sha256:33ad44dff52114caa7b85f6e218ad5f9ccd88a538a3cf808377762ff01efb05f
    name: python3.11-setuptools-wheel
    evr: 65.5.1-5.el9
    sourcerpm: python3.11-setuptools-65.5.1-5.el9.src.rpm
  - url: https://cdn-ubi.redhat.com/content/public/ubi/dist/ubi9/9/x86_64/appstream/os/Packages/s/slirp4netns-1.3.3-1.el9.x86_64.rpm
    repoid: ubi-9-for-x86_64-appstream-rpms
    size: 48562
    checksum: sha256:ba91e6e0d70be19e5f9a44e0a8f6791c49b685b42a1ad2dc64ec50e4800c7d1a
    name: slirp4netns
    evr: 1.3.3-1.el9
    sourcerpm: slirp4netns-1.3.3-1.el9.src.rpm
  - url: https://cdn-ubi.redhat.com/content/public/ubi/dist/ubi9/9/x86_64/appstream/os/Packages/y/yajl-2.1.0-25.el9.x86_64.rpm
    repoid: ubi-9-for-x86_64-appstream-rpms
    size: 42487
    checksum: sha256:f7503f34d5095303db5c57c70c5edb890dab7d0bba5920f3dcc44d7835449555
    name: yajl
    evr: 2.1.0-25.el9
    sourcerpm: yajl-2.1.0-25.el9.src.rpm
  - url: https://cdn-ubi.redhat.com/content/public/ubi/dist/ubi9/9/x86_64/baseos/os/Packages/c/cracklib-2.9.6-28.el9.x86_64.rpm
    repoid: ubi-9-for-x86_64-baseos-rpms
    size: 102444
    checksum: sha256:3b415381d4bd307686268ec42f646c7770f6a815de73a40a88aab7a7061b30a9
    name: cracklib
    evr: 2.9.6-28.el9
    sourcerpm: cracklib-2.9.6-28.el9.src.rpm
  - url: https://cdn-ubi.redhat.com/content/public/ubi/dist/ubi9/9/x86_64/baseos/os/Packages/c/cracklib-dicts-2.9.6-28.el9.x86_64.rpm
    repoid: ubi-9-for-x86_64-baseos-rpms
    size: 3829431
    checksum: sha256:61c11d3c23b62016b9939f917bb7f7e03cba324eb4ad35b375387ce9f18e25a1
    name: cracklib-dicts
    evr: 2.9.6-28.el9
    sourcerpm: cracklib-2.9.6-28.el9.src.rpm
  - url: https://cdn-ubi.redhat.com/content/public/ubi/dist/ubi9/9/x86_64/baseos/os/Packages/e/expat-2.5.0-6.el9_8.1.x86_64.rpm
    repoid: ubi-9-for-x86_64-baseos-rpms
    size: 126909
    checksum: sha256:6a0c98d67b643fe620297e4cd7e990f99a86ed6bc90a8295a952c626ecbb9f62
    name: expat
    evr: 2.5.0-6.el9_8.1
    sourcerpm: expat-2.5.0-6.el9_8.1.src.rpm
  - url: https://cdn-ubi.redhat.com/content/public/ubi/dist/ubi9/9/x86_64/baseos/os/Packages/f/findutils-4.8.0-7.el9.x86_64.rpm
    repoid: ubi-9-for-x86_64-baseos-rpms
    size: 563531
    checksum: sha256:a6328afea0a11647b7fb5c48436f0af6c795407bac0650676d3196dd47070de6
    name: findutils
    evr: 1:4.8.0-7.el9
    sourcerpm: findutils-4.8.0-7.el9.src.rpm
  - url: https://cdn-ubi.redhat.com/content/public/ubi/dist/ubi9/9/x86_64/baseos/os/Packages/f/fuse-common-3.10.2-9.el9.x86_64.rpm
    repoid: ubi-9-for-x86_64-baseos-rpms
    size: 8750
    checksum: sha256:548265cbee787fa659bc79c07e15a12007f39eb70e905bf660ec488f0bb8820f
    name: fuse-common
    evr: 3.10.2-9.el9
    sourcerpm: fuse3-3.10.2-9.el9.src.rpm
  - url: https://cdn-ubi.redhat.com/content/public/ubi/dist/ubi9/9/x86_64/baseos/os/Packages/g/gzip-1.12-1.el9.x86_64.rpm
    repoid: ubi-9-for-x86_64-baseos-rpms
    size: 171206
    checksum: sha256:c8b3e0414d55b1eedb0185a564ac6cb2368bee2fd5f995447d045f6a714488ac
    name: gzip
    evr: 1.12-1.el9
    sourcerpm: gzip-1.12-1.el9.src.rpm
  - url: https://cdn-ubi.redhat.com/content/public/ubi/dist/ubi9/9/x86_64/baseos/os/Packages/i/iptables-libs-1.8.10-11.el9_5.x86_64.rpm
    repoid: ubi-9-for-x86_64-baseos-rpms
    size: 476678
    checksum: sha256:3e79ca4cc3d35c1f1e0ac6c9f05c5be56b7ab6dd1f8ae719a21ec1b9e3bfa018
    name: iptables-libs
    evr: 1.8.10-11.el9_5
    sourcerpm: iptables-1.8.10-11.el9_5.src.rpm
  - url: https://cdn-ubi.redhat.com/content/public/ubi/dist/ubi9/9/x86_64/baseos/os/Packages/i/iptables-nft-1.8.10-11.el9_5.x86_64.rpm
    repoid: ubi-9-for-x86_64-baseos-rpms
    size: 214056
    checksum: sha256:54e031813637738af285ff4b1c2e4a20b913f2ea643a29940a07ccaf8bd197f5
    name: iptables-nft
    evr: 1.8.10-11.el9_5
    sourcerpm: iptables-1.8.10-11.el9_5.src.rpm
  - url: https://cdn-ubi.redhat.com/content/public/ubi/dist/ubi9/9/x86_64/baseos/os/Packages/j/jansson-2.14-1.el9.x86_64.rpm
    repoid: ubi-9-for-x86_64-baseos-rpms
    size: 49137
    checksum: sha256:4e9aec51ee46d7265d6edd1245b5d5ab5e8336dc2a4ca17f2cace2ce8bae3761
    name: jansson
    evr: 2.14-1.el9
    sourcerpm: jansson-2.14-1.el9.src.rpm
  - url: https://cdn-ubi.redhat.com/content/public/ubi/dist/ubi9/9/x86_64/baseos/os/Packages/j/jq-1.6-19.el9_8.2.x86_64.rpm
    repoid: ubi-9-for-x86_64-baseos-rpms
    size: 197453
    checksum: sha256:9793a39a4746a09ba89c3d9ccc70150ac6c878286deee26d7e3aabede4666417
    name: jq
    evr: 1.6-19.el9_8.2
    sourcerpm: jq-1.6-19.el9_8.2.src.rpm
  - url: https://cdn-ubi.redhat.com/content/public/ubi/dist/ubi9/9/x86_64/baseos/os/Packages/k/kmod-28-11.el9.x86_64.rpm
    repoid: ubi-9-for-x86_64-baseos-rpms
    size: 127775
    checksum: sha256:f85ac587f3c6abab55c30986b5f4af790c3fa2f2a413057db8e9250c79825b5d
    name: kmod
    evr: 28-11.el9
    sourcerpm: kmod-28-11.el9.src.rpm
  - url: https://cdn-ubi.redhat.com/content/public/ubi/dist/ubi9/9/x86_64/baseos/os/Packages/l/less-590-6.el9.x86_64.rpm
    repoid: ubi-9-for-x86_64-baseos-rpms
    size: 166025
    checksum: sha256:5bd040f9dd813167935fc390d546c119d90e0a9c77447a3d9ed1ef69c6f5a32a
    name: less
    evr: 590-6.el9
    sourcerpm: less-590-6.el9.src.rpm
  - url: https://cdn-ubi.redhat.com/content/public/ubi/dist/ubi9/9/x86_64/baseos/os/Packages/l/libblkid-2.37.4-25.el9.x86_64.rpm
    repoid: ubi-9-for-x86_64-baseos-rpms
    size: 114192
    checksum: sha256:a858400abe83a7955ae509c920f835a950ea2cf1156916823c595a23ba46d536
    name: libblkid
    evr: 2.37.4-25.el9
    sourcerpm: util-linux-2.37.4-25.el9.src.rpm
  - url: https://cdn-ubi.redhat.com/content/public/ubi/dist/ubi9/9/x86_64/baseos/os/Packages/l/libcbor-0.7.0-5.el9.x86_64.rpm
    repoid: ubi-9-for-x86_64-baseos-rpms
    size: 60575
    checksum: sha256:588e8736af3376abfb3cdf372c10baef02c40d916a55958f3bee9767f9ad8526
    name: libcbor
    evr: 0.7.0-5.el9
    sourcerpm: libcbor-0.7.0-5.el9.src.rpm
  - url: https://cdn-ubi.redhat.com/content/public/ubi/dist/ubi9/9/x86_64/baseos/os/Packages/l/libdb-5.3.28-57.el9_6.x86_64.rpm
    repoid: ubi-9-for-x86_64-baseos-rpms
    size: 755192
    checksum: sha256:3246e76f197e2b60eb470b9b55d3e0dda2301b029f295fed9c38ff70b87c5b6b
    name: libdb
    evr: 5.3.28-57.el9_6
    sourcerpm: libdb-5.3.28-57.el9_6.src.rpm
  - url: https://cdn-ubi.redhat.com/content/public/ubi/dist/ubi9/9/x86_64/baseos/os/Packages/l/libeconf-0.4.1-7.el9_8.x86_64.rpm
    repoid: ubi-9-for-x86_64-baseos-rpms
    size: 33179
    checksum: sha256:a570c5baaedeb1445bc2e4f3930b0a709411bbefbdbf463c3e006cbfc7018894
    name: libeconf
    evr: 0.4.1-7.el9_8
    sourcerpm: libeconf-0.4.1-7.el9_8.src.rpm
  - url: https://cdn-ubi.redhat.com/content/public/ubi/dist/ubi9/9/x86_64/baseos/os/Packages/l/libedit-3.1-39.20210216cvs.el9.x86_64.rpm
    repoid: ubi-9-for-x86_64-baseos-rpms
    size: 112056
    checksum: sha256:65a730688dfea27934b75af3acf30150c6d254c89d8b68b63233ae7f8b6c9b94
    name: libedit
    evr: 3.1-39.20210216cvs.el9
    sourcerpm: libedit-3.1-39.20210216cvs.el9.src.rpm
  - url: https://cdn-ubi.redhat.com/content/public/ubi/dist/ubi9/9/x86_64/baseos/os/Packages/l/libfdisk-2.37.4-25.el9.x86_64.rpm
    repoid: ubi-9-for-x86_64-baseos-rpms
    size: 161769
    checksum: sha256:1b861f267752e718ce696a80dcc06ef1dde8e9aa73fa2abed3775626d719c124
    name: libfdisk
    evr: 2.37.4-25.el9
    sourcerpm: util-linux-2.37.4-25.el9.src.rpm
  - url: https://cdn-ubi.redhat.com/content/public/ubi/dist/ubi9/9/x86_64/baseos/os/Packages/l/libfido2-1.13.0-2.el9.x86_64.rpm
    repoid: ubi-9-for-x86_64-baseos-rpms
    size: 102746
    checksum: sha256:6da940c0528f3e4453db84cb85b402c8f4293a197b1921158df9651edb4845e0
    name: libfido2
    evr: 1.13.0-2.el9
    sourcerpm: libfido2-1.13.0-2.el9.src.rpm
  - url: https://cdn-ubi.redhat.com/content/public/ubi/dist/ubi9/9/x86_64/baseos/os/Packages/l/libmnl-1.0.4-16.el9_4.x86_64.rpm
    repoid: ubi-9-for-x86_64-baseos-rpms
    size: 30949
    checksum: sha256:badfd4eb5b7cd3622da84168674002ec718ef810ce615a1113d3e19e265b777e
    name: libmnl
    evr: 1.0.4-16.el9_4
    sourcerpm: libmnl-1.0.4-16.el9_4.src.rpm
  - url: https://cdn-ubi.redhat.com/content/public/ubi/dist/ubi9/9/x86_64/baseos/os/Packages/l/libmount-2.37.4-25.el9.x86_64.rpm
    repoid: ubi-9-for-x86_64-baseos-rpms
    size: 142467
    checksum: sha256:a9a2022eb9e39301bfcd3273573a108486b2b315c89247f147870016b2e9222c
    name: libmount
    evr: 2.37.4-25.el9
    sourcerpm: util-linux-2.37.4-25.el9.src.rpm
  - url: https://cdn-ubi.redhat.com/content/public/ubi/dist/ubi9/9/x86_64/baseos/os/Packages/l/libnetfilter_conntrack-1.0.9-1.el9.x86_64.rpm
    repoid: ubi-9-for-x86_64-baseos-rpms
    size: 62066
    checksum: sha256:beeb73e78390077c6afd9ed6177bad8bad278dbfaae9d90edf7243cdf6a44a3f
    name: libnetfilter_conntrack
    evr: 1.0.9-1.el9
    sourcerpm: libnetfilter_conntrack-1.0.9-1.el9.src.rpm
  - url: https://cdn-ubi.redhat.com/content/public/ubi/dist/ubi9/9/x86_64/baseos/os/Packages/l/libnfnetlink-1.0.1-23.el9_5.x86_64.rpm
    repoid: ubi-9-for-x86_64-baseos-rpms
    size: 32236
    checksum: sha256:177882bfe48c9c9effc7b1bce6b58b2466988c53e400c07fb1ba2d3a4ebe6f40
    name: libnfnetlink
    evr: 1.0.1-23.el9_5
    sourcerpm: libnfnetlink-1.0.1-23.el9_5.src.rpm
  - url: https://cdn-ubi.redhat.com/content/public/ubi/dist/ubi9/9/x86_64/baseos/os/Packages/l/libnftnl-1.2.6-4.el9_4.x86_64.rpm
    repoid: ubi-9-for-x86_64-baseos-rpms
    size: 91380
    checksum: sha256:e64d7b270be4be36af80ed220852cb760a1069e34667b1ba9eec7a02762a14bf
    name: libnftnl
    evr: 1.2.6-4.el9_4
    sourcerpm: libnftnl-1.2.6-4.el9_4.src.rpm
  - url: https://cdn-ubi.redhat.com/content/public/ubi/dist/ubi9/9/x86_64/baseos/os/Packages/l/libnl3-3.11.0-1.el9.x86_64.rpm
    repoid: ubi-9-for-x86_64-baseos-rpms
    size: 376137
    checksum: sha256:89728a253a5bf1c8e01c40573f1283d40188e003bdbd4ac565f8b0f05bced55c
    name: libnl3
    evr: 3.11.0-1.el9
    sourcerpm: libnl3-3.11.0-1.el9.src.rpm
  - url: https://cdn-ubi.redhat.com/content/public/ubi/dist/ubi9/9/x86_64/baseos/os/Packages/l/libpwquality-1.4.4-8.el9.x86_64.rpm
    repoid: ubi-9-for-x86_64-baseos-rpms
    size: 126104
    checksum: sha256:14b7ff2f7fdaf8ebec90261f4619ea7f7c3564c4de8483666de7ed4b1f49b66f
    name: libpwquality
    evr: 1.4.4-8.el9
    sourcerpm: libpwquality-1.4.4-8.el9.src.rpm
  - url: https://cdn-ubi.redhat.com/content/public/ubi/dist/ubi9/9/x86_64/baseos/os/Packages/l/libseccomp-2.5.2-2.el9.x86_64.rpm
    repoid: ubi-9-for-x86_64-baseos-rpms
    size: 76200
    checksum: sha256:e2015f60dbe784330d5df43f3f05c68c307694600a636a1706bf86527cc82e82
    name: libseccomp
    evr: 2.5.2-2.el9
    sourcerpm: libseccomp-2.5.2-2.el9.src.rpm
  - url: https://cdn-ubi.redhat.com/content/public/ubi/dist/ubi9/9/x86_64/baseos/os/Packages/l/libsmartcols-2.37.4-25.el9.x86_64.rpm
    repoid: ubi-9-for-x86_64-baseos-rpms
    size: 68692
    checksum: sha256:c1da912799780b89cd44db4acc318ea4a83adba0d8d99aad1b877879f40dbd48
    name: libsmartcols
    evr: 2.37.4-25.el9
    sourcerpm: util-linux-2.37.4-25.el9.src.rpm
  - url: https://cdn-ubi.redhat.com/content/public/ubi/dist/ubi9/9/x86_64/baseos/os/Packages/l/libtirpc-1.3.3-9.el9.x86_64.rpm
    repoid: ubi-9-for-x86_64-baseos-rpms
    size: 98934
    checksum: sha256:f82cd69dc3aac881d5b574930c7d274687054cb5b03d3a8e3affa7bbcd5950b1
    name: libtirpc
    evr: 1.3.3-9.el9
    sourcerpm: libtirpc-1.3.3-9.el9.src.rpm
  - url: https://cdn-ubi.redhat.com/content/public/ubi/dist/ubi9/9/x86_64/baseos/os/Packages/l/libutempter-1.2.1-6.el9.x86_64.rpm
    repoid: ubi-9-for-x86_64-baseos-rpms
    size: 30354
    checksum: sha256:0f1df5e0d48c2ac9914bfffa7ed569cd58e42b17ba96bb3f7cf74d1e80de2597
    name: libutempter
    evr: 1.2.1-6.el9
    sourcerpm: libutempter-1.2.1-6.el9.src.rpm
  - url: https://cdn-ubi.redhat.com/content/public/ubi/dist/ubi9/9/x86_64/baseos/os/Packages/l/libuuid-2.37.4-25.el9.x86_64.rpm
    repoid: ubi-9-for-x86_64-baseos-rpms
    size: 32757
    checksum: sha256:5694aafca42c707f85af66bba11d102f7636ee17f586466b3ff80254e995ed7b
    name: libuuid
    evr: 2.37.4-25.el9
    sourcerpm: util-linux-2.37.4-25.el9.src.rpm
  - url: https://cdn-ubi.redhat.com/content/public/ubi/dist/ubi9/9/x86_64/baseos/os/Packages/n/nftables-1.0.9-7.el9_8.x86_64.rpm
    repoid: ubi-9-for-x86_64-baseos-rpms
    size: 437853
    checksum: sha256:175e5a5110125df894ef6f7cf7cb657cf16a3c5cee2b2847cb6e285d56c79396
    name: nftables
    evr: 1:1.0.9-7.el9_8
    sourcerpm: nftables-1.0.9-7.el9_8.src.rpm
  - url: https://cdn-ubi.redhat.com/content/public/ubi/dist/ubi9/9/x86_64/baseos/os/Packages/o/openssh-9.9p1-7.el9_8.x86_64.rpm
    repoid: ubi-9-for-x86_64-baseos-rpms
    size: 442163
    checksum: sha256:e699c3fd161d4741658320f10064bb82ab7530d07d3d34850142ccc102ce7c82
    name: openssh
    evr: 9.9p1-7.el9_8
    sourcerpm: openssh-9.9p1-7.el9_8.src.rpm
  - url: https://cdn-ubi.redhat.com/content/public/ubi/dist/ubi9/9/x86_64/baseos/os/Packages/o/openssh-clients-9.9p1-7.el9_8.x86_64.rpm
    repoid: ubi-9-for-x86_64-baseos-rpms
    size: 798466
    checksum: sha256:5663973f870ce57e55bb94e94b84ff020d6b24cbaabdca9fed99665f6513c847
    name: openssh-clients
    evr: 9.9p1-7.el9_8
    sourcerpm: openssh-9.9p1-7.el9_8.src.rpm
  - url: https://cdn-ubi.redhat.com/content/public/ubi/dist/ubi9/9/x86_64/baseos/os/Packages/o/openssl-3.5.5-4.el9_8.x86_64.rpm
    repoid: ubi-9-for-x86_64-baseos-rpms
    size: 1564134
    checksum: sha256:e0e2c1f901d3f6245ff43f194ac11ba133cf99c630307239722c07a2282a1356
    name: openssl
    evr: 1:3.5.5-4.el9_8
    sourcerpm: openssl-3.5.5-4.el9_8.src.rpm
  - url: https://cdn-ubi.redhat.com/content/public/ubi/dist/ubi9/9/x86_64/baseos/os/Packages/o/openssl-libs-3.5.5-4.el9_8.x86_64.rpm
    repoid: ubi-9-for-x86_64-baseos-rpms
    size: 2426674
    checksum: sha256:126c17e907e1f6cbbd3989a478e933a74d5508e70b8983b0f6a94e7fd2a903e6
    name: openssl-libs
    evr: 1:3.5.5-4.el9_8
    sourcerpm: openssl-3.5.5-4.el9_8.src.rpm
  - url: https://cdn-ubi.redhat.com/content/public/ubi/dist/ubi9/9/x86_64/baseos/os/Packages/p/pam-1.5.1-28.el9.x86_64.rpm
    repoid: ubi-9-for-x86_64-baseos-rpms
    size: 637912
    checksum: sha256:15a0a5000af6f57f47c30682f7aacf3959903788e68255132b6a05bb4b713ab1
    name: pam
    evr: 1.5.1-28.el9
    sourcerpm: pam-1.5.1-28.el9.src.rpm
  - url: https://cdn-ubi.redhat.com/content/public/ubi/dist/ubi9/9/x86_64/baseos/os/Packages/p/protobuf-c-1.3.3-13.el9.x86_64.rpm
    repoid: ubi-9-for-x86_64-baseos-rpms
    size: 38224
    checksum: sha256:9669f5bed1c9532ede399cd1ea6f8937ae7d18cfb56d59f2939a4b456390035f
    name: protobuf-c
    evr: 1.3.3-13.el9
    sourcerpm: protobuf-c-1.3.3-13.el9.src.rpm
  - url: https://cdn-ubi.redhat.com/content/public/ubi/dist/ubi9/9/x86_64/baseos/os/Packages/s/shadow-utils-subid-4.9-16.el9.x86_64.rpm
    repoid: ubi-9-for-x86_64-baseos-rpms
    size: 86705
    checksum: sha256:7ec945faa9fb963f46c863e8f32dd9192e60b548e126296b832b3ecd75f47b47
    name: shadow-utils-subid
    evr: 2:4.9-16.el9
    sourcerpm: shadow-utils-4.9-16.el9.src.rpm
  - url: https://cdn-ubi.redhat.com/content/public/ubi/dist/ubi9/9/x86_64/baseos/os/Packages/s/sqlite-libs-3.34.1-10.el9_8.x86_64.rpm
    repoid: ubi-9-for-x86_64-baseos-rpms
    size: 664960
    checksum: sha256:7dc2202e08184890c851dcb2218a9abce14da150f12dfb8663ca306416e1d8d4
    name: sqlite-libs
    evr: 3.34.1-10.el9_8
    sourcerpm: sqlite-3.34.1-10.el9_8.src.rpm
  - url: https://cdn-ubi.redhat.com/content/public/ubi/dist/ubi9/9/x86_64/baseos/os/Packages/t/tar-1.34-11.el9.x86_64.rpm
    repoid: ubi-9-for-x86_64-baseos-rpms
    size: 913256
    checksum: sha256:58b622ab7bc225731a2473e677f16c9eb51b1ed218a86a7aa039a6fed665f245
    name: tar
    evr: 2:1.34-11.el9
    sourcerpm: tar-1.34-11.el9.src.rpm
  - url: https://cdn-ubi.redhat.com/content/public/ubi/dist/ubi9/9/x86_64/baseos/os/Packages/u/util-linux-2.37.4-25.el9.x86_64.rpm
    repoid: ubi-9-for-x86_64-baseos-rpms
    size: 2382511
    checksum: sha256:35e0b73e574a7d8e93af0adf54adb2303f03423fd5761e357df86288f59d7933
    name: util-linux
    evr: 2.37.4-25.el9
    sourcerpm: util-linux-2.37.4-25.el9.src.rpm
  - url: https://cdn-ubi.redhat.com/content/public/ubi/dist/ubi9/9/x86_64/baseos/os/Packages/u/util-linux-core-2.37.4-25.el9.x86_64.rpm
    repoid: ubi-9-for-x86_64-baseos-rpms
    size: 476811
    checksum: sha256:5575c8fc753d5a81022786dac33e172a6d1602ef41d247a58465754d3f952726
    name: util-linux-core
    evr: 2.37.4-25.el9
    sourcerpm: util-linux-2.37.4-25.el9.src.rpm
  - url: https://cdn-ubi.redhat.com/content/public/ubi/dist/ubi9/9/x86_64/baseos/os/Packages/w/which-2.21-30.el9_6.x86_64.rpm
    repoid: ubi-9-for-x86_64-baseos-rpms
    size: 42038
    checksum: sha256:9c09bae3141499ad4d197a563d2a2170768d67b32bdc571221baa059eb97553b
    name: which
    evr: 2.21-30.el9_6
    sourcerpm: which-2.21-30.el9_6.src.rpm
  source:
  - url: https://cdn-ubi.redhat.com/content/public/ubi/dist/ubi9/9/x86_64/appstream/source/SRPMS/Packages/a/aardvark-dns-1.17.0-1.el9.src.rpm
    repoid: ubi-9-for-x86_64-appstream-source-rpms
    size: 10317752
    checksum: sha256:2a715fb65e9a363277e7879a02bb2c56513641130b4454deba56d3d201f36ad7
    name: aardvark-dns
    evr: 2:1.17.0-1.el9
  - url: https://cdn-ubi.redhat.com/content/public/ubi/dist/ubi9/9/x86_64/appstream/source/SRPMS/Packages/b/buildah-1.43.1-2.el9_8.src.rpm
    repoid: ubi-9-for-x86_64-appstream-source-rpms
    size: 11719910
    checksum: sha256:a874de7d104238a256b53e601a5381ee9ed98fda6258e101bf7208002e5e2485
    name: buildah
    evr: 2:1.43.1-2.el9_8
  - url: https://cdn-ubi.redhat.com/content/public/ubi/dist/ubi9/9/x86_64/appstream/source/SRPMS/Packages/c/conmon-2.2.1-1.el9.src.rpm
    repoid: ubi-9-for-x86_64-appstream-source-rpms
    size: 102785
    checksum: sha256:d597d234579113c9688fcbd0de856ff31c9f7168a450180b12772632aef9c98c
    name: conmon
    evr: 3:2.2.1-1.el9
  - url: https://cdn-ubi.redhat.com/content/public/ubi/dist/ubi9/9/x86_64/appstream/source/SRPMS/Packages/c/containers-common-5.8-1.el9.src.rpm
    repoid: ubi-9-for-x86_64-appstream-source-rpms
    size: 180820
    checksum: sha256:1618129f9bd64bc73721761717845ddb071a05f6d6124208fedf013fb3c9bf86
    name: containers-common
    evr: 5:5.8-1.el9
  - url: https://cdn-ubi.redhat.com/content/public/ubi/dist/ubi9/9/x86_64/appstream/source/SRPMS/Packages/c/criu-3.19-3.el9.src.rpm
    repoid: ubi-9-for-x86_64-appstream-source-rpms
    size: 1397598
    checksum: sha256:935cde45890eee106b48c5a17fcce9a359bbc33e5867c7433012a28fdc095e90
    name: criu
    evr: 3.19-3.el9
  - url: https://cdn-ubi.redhat.com/content/public/ubi/dist/ubi9/9/x86_64/appstream/source/SRPMS/Packages/c/crun-1.27-1.el9_8.src.rpm
    repoid: ubi-9-for-x86_64-appstream-source-rpms
    size: 908484
    checksum: sha256:a7a4cc5266e6a032b4e69926eed619018084726eb9758c0e75a6617bc7825521
    name: crun
    evr: 1.27-1.el9_8
  - url: https://cdn-ubi.redhat.com/content/public/ubi/dist/ubi9/9/x86_64/appstream/source/SRPMS/Packages/f/fuse-overlayfs-1.16-1.el9_7.src.rpm
    repoid: ubi-9-for-x86_64-appstream-source-rpms
    size: 127644
    checksum: sha256:8e2ae14c212d0dde5afe0381b609c9bdb9f97bae787ca05a16c3c2c33b54547c
    name: fuse-overlayfs
    evr: 1.16-1.el9_7
  - url: https://cdn-ubi.redhat.com/content/public/ubi/dist/ubi9/9/x86_64/appstream/source/SRPMS/Packages/g/git-2.52.0-1.el9.src.rpm
    repoid: ubi-9-for-x86_64-appstream-source-rpms
    size: 8014389
    checksum: sha256:791f7585f247061d5a6f55416f480a7dbb09b19578e7d7f664aa8aba20074802
    name: git
    evr: 2.52.0-1.el9
  - url: https://cdn-ubi.redhat.com/content/public/ubi/dist/ubi9/9/x86_64/appstream/source/SRPMS/Packages/l/libnet-1.2-7.el9.src.rpm
    repoid: ubi-9-for-x86_64-appstream-source-rpms
    size: 611553
    checksum: sha256:bc2724e7061c48e2038f4f47b433bebccedb4ffc227dc351baaf3d5a52f03b08
    name: libnet
    evr: 1.2-7.el9
  - url: https://cdn-ubi.redhat.com/content/public/ubi/dist/ubi9/9/x86_64/appstream/source/SRPMS/Packages/l/libnsl2-2.0.0-1.el9.src.rpm
    repoid: ubi-9-for-x86_64-appstream-source-rpms
    size: 56885
    checksum: sha256:28fda2510dfa3d80c6f227354c3e917a104374e97566419e71ef5e246887c4e2
    name: libnsl2
    evr: 2.0.0-1.el9
  - url: https://cdn-ubi.redhat.com/content/public/ubi/dist/ubi9/9/x86_64/appstream/source/SRPMS/Packages/l/libslirp-4.4.0-8.el9.src.rpm
    repoid: ubi-9-for-x86_64-appstream-source-rpms
    size: 128699
    checksum: sha256:5e740382ebf1511fc7c4fa0c1db0bc72fad624329ff9e359cea75cccbed503e4
    name: libslirp
    evr: 4.4.0-8.el9
  - url: https://cdn-ubi.redhat.com/content/public/ubi/dist/ubi9/9/x86_64/appstream/source/SRPMS/Packages/m/mpdecimal-2.5.1-3.el9.src.rpm
    repoid: ubi-9-for-x86_64-appstream-source-rpms
    size: 3334137
    checksum: sha256:2f5ece89d6a8d892816f386462d8be291ad83f1500b4c4b3655dcc7ed5192c0d
    name: mpdecimal
    evr: 2.5.1-3.el9
  - url: https://cdn-ubi.redhat.com/content/public/ubi/dist/ubi9/9/x86_64/appstream/source/SRPMS/Packages/n/netavark-1.17.2-1.el9.src.rpm
    repoid: ubi-9-for-x86_64-appstream-source-rpms
    size: 17861578
    checksum: sha256:5c604a31162ee639a1f0389fd02495a0c1c4361d0c9e008bb4b74d4b4a9ff087
    name: netavark
    evr: 2:1.17.2-1.el9
  - url: https://cdn-ubi.redhat.com/content/public/ubi/dist/ubi9/9/x86_64/appstream/source/SRPMS/Packages/o/oniguruma-6.9.6-1.el9.5.src.rpm
    repoid: ubi-9-for-x86_64-appstream-source-rpms
    size: 934541
    checksum: sha256:cba17754ccaffd886995aec7f152aadbc5d9932a2a2cdf1d983291c7b2838404
    name: oniguruma
    evr: 6.9.6-1.el9.5
  - url: https://cdn-ubi.redhat.com/content/public/ubi/dist/ubi9/9/x86_64/appstream/source/SRPMS/Packages/p/passt-0^20251210.gd04c480-5.el9_8.src.rpm
    repoid: ubi-9-for-x86_64-appstream-source-rpms
    size: 331491
    checksum: sha256:2e7e0a422d2dbb87679033a6028b95aba4475f4adf52a569465316ad3b1a18cb
    name: passt
    evr: 0^20251210.gd04c480-5.el9_8
  - url: https://cdn-ubi.redhat.com/content/public/ubi/dist/ubi9/9/x86_64/appstream/source/SRPMS/Packages/p/podman-5.8.2-3.el9_8.src.rpm
    repoid: ubi-9-for-x86_64-appstream-source-rpms
    size: 23428597
    checksum: sha256:c55fcfff5bff059683a2c6f27b9063825cb42fff1c214c22fa0e0d20a8574f27
    name: podman
    evr: 6:5.8.2-3.el9_8
  - url: https://cdn-ubi.redhat.com/content/public/ubi/dist/ubi9/9/x86_64/appstream/source/SRPMS/Packages/p/python3.11-3.11.13-10.el9_8.src.rpm
    repoid: ubi-9-for-x86_64-appstream-source-rpms
    size: 20209409
    checksum: sha256:463d61f945c7ede4081ff7d71b32cf7c87155b89262c9c110130078416a32849
    name: python3.11
    evr: 3.11.13-10.el9_8
  - url: https://cdn-ubi.redhat.com/content/public/ubi/dist/ubi9/9/x86_64/appstream/source/SRPMS/Packages/p/python3.11-pip-22.3.1-6.el9.src.rpm
    repoid: ubi-9-for-x86_64-appstream-source-rpms
    size: 9341716
    checksum: sha256:e6c081ee7bbe789bcadb4a21f625eb6746ca485d230c0cef5bbb7a4564000bcb
    name: python3.11-pip
    evr: 22.3.1-6.el9
  - url: https://cdn-ubi.redhat.com/content/public/ubi/dist/ubi9/9/x86_64/appstream/source/SRPMS/Packages/p/python3.11-setuptools-65.5.1-5.el9.src.rpm
    repoid: ubi-9-for-x86_64-appstream-source-rpms
    size: 2632663
    checksum: sha256:df86c0c49a1d96bb7d91ee4a72e60c9b0368f2965742b98ba010281aafea5604
    name: python3.11-setuptools
    evr: 65.5.1-5.el9
  - url: https://cdn-ubi.redhat.com/content/public/ubi/dist/ubi9/9/x86_64/appstream/source/SRPMS/Packages/s/slirp4netns-1.3.3-1.el9.src.rpm
    repoid: ubi-9-for-x86_64-appstream-source-rpms
    size: 76019
    checksum: sha256:fcf453e6ffb0f7892fb087d8052f9ceebab6dfbc3797ad6b98c8eee9814e009d
    name: slirp4netns
    evr: 1.3.3-1.el9
  - url: https://cdn-ubi.redhat.com/content/public/ubi/dist/ubi9/9/x86_64/appstream/source/SRPMS/Packages/y/yajl-2.1.0-25.el9.src.rpm
    repoid: ubi-9-for-x86_64-appstream-source-rpms
    size: 101373
    checksum: sha256:08182ae11608d0ad5d9ef01c558a39489f331fe449f9be6df1a91c5e950163f9
    name: yajl
    evr: 2.1.0-25.el9
  - url: https://cdn-ubi.redhat.com/content/public/ubi/dist/ubi9/9/x86_64/baseos/source/SRPMS/Packages/c/cracklib-2.9.6-28.el9.src.rpm
    repoid: ubi-9-for-x86_64-baseos-source-rpms
    size: 6416053
    checksum: sha256:4708420bdde578448be8c06a6b608635743682f6370d7d45d7cae46842529fa0
    name: cracklib
    evr: 2.9.6-28.el9
  - url: https://cdn-ubi.redhat.com/content/public/ubi/dist/ubi9/9/x86_64/baseos/source/SRPMS/Packages/e/expat-2.5.0-6.el9_8.1.src.rpm
    repoid: ubi-9-for-x86_64-baseos-source-rpms
    size: 8390481
    checksum: sha256:3ef9a4df767dbc5e75944b5c197d186f8b5ca8745522e07cdf1a195229d381b4
    name: expat
    evr: 2.5.0-6.el9_8.1
  - url: https://cdn-ubi.redhat.com/content/public/ubi/dist/ubi9/9/x86_64/baseos/source/SRPMS/Packages/f/findutils-4.8.0-7.el9.src.rpm
    repoid: ubi-9-for-x86_64-baseos-source-rpms
    size: 2010585
    checksum: sha256:48bd4d4dd081120bcc6ab772b930a150f30b2fc89a4a14a24220383d24a30b3f
    name: findutils
    evr: 1:4.8.0-7.el9
  - url: https://cdn-ubi.redhat.com/content/public/ubi/dist/ubi9/9/x86_64/baseos/source/SRPMS/Packages/f/fuse3-3.10.2-9.el9.src.rpm
    repoid: ubi-9-for-x86_64-baseos-source-rpms
    size: 799367
    checksum: sha256:ddfcd07bcdcc07bdabe0f05b2c5c3bb1d6582af9c6b127632dd74f8ca78d56c9
    name: fuse3
    evr: 3.10.2-9.el9
  - url: https://cdn-ubi.redhat.com/content/public/ubi/dist/ubi9/9/x86_64/baseos/source/SRPMS/Packages/g/gzip-1.12-1.el9.src.rpm
    repoid: ubi-9-for-x86_64-baseos-source-rpms
    size: 856147
    checksum: sha256:a05f582ec42e89258ee5e10af96dee4300bcb2a6a69a76bfb5b46f79e6a6a47b
    name: gzip
    evr: 1.12-1.el9
  - url: https://cdn-ubi.redhat.com/content/public/ubi/dist/ubi9/9/x86_64/baseos/source/SRPMS/Packages/i/iptables-1.8.10-11.el9_5.src.rpm
    repoid: ubi-9-for-x86_64-baseos-source-rpms
    size: 709624
    checksum: sha256:5e4edd2e85c004f5fb06f0761d6cf41c530bb9973262315285be0ad11e8e8b51
    name: iptables
    evr: 1.8.10-11.el9_5
  - url: https://cdn-ubi.redhat.com/content/public/ubi/dist/ubi9/9/x86_64/baseos/source/SRPMS/Packages/j/jansson-2.14-1.el9.src.rpm
    repoid: ubi-9-for-x86_64-baseos-source-rpms
    size: 447607
    checksum: sha256:f15174491e4b92ca0c70b85b57cc8eac4373c424fc1c78e6bf492f99f28cb77b
    name: jansson
    evr: 2.14-1.el9
  - url: https://cdn-ubi.redhat.com/content/public/ubi/dist/ubi9/9/x86_64/baseos/source/SRPMS/Packages/j/jq-1.6-19.el9_8.2.src.rpm
    repoid: ubi-9-for-x86_64-baseos-source-rpms
    size: 1512470
    checksum: sha256:abe953ef93fb49db17177190dc0698ab649f18a0bfaef4bb0ef0cd94644d1ec3
    name: jq
    evr: 1.6-19.el9_8.2
  - url: https://cdn-ubi.redhat.com/content/public/ubi/dist/ubi9/9/x86_64/baseos/source/SRPMS/Packages/k/kmod-28-11.el9.src.rpm
    repoid: ubi-9-for-x86_64-baseos-source-rpms
    size: 579198
    checksum: sha256:4f6fefbf0d004b23494fe18ccfff2b9151ea887a276c56a6f25ea597a250991c
    name: kmod
    evr: 28-11.el9
  - url: https://cdn-ubi.redhat.com/content/public/ubi/dist/ubi9/9/x86_64/baseos/source/SRPMS/Packages/l/less-590-6.el9.src.rpm
    repoid: ubi-9-for-x86_64-baseos-source-rpms
    size: 382338
    checksum: sha256:4a5023846942905da4226503f6a9da91a66bf6c179dc21d2e4210b3371399b17
    name: less
    evr: 590-6.el9
  - url: https://cdn-ubi.redhat.com/content/public/ubi/dist/ubi9/9/x86_64/baseos/source/SRPMS/Packages/l/libcbor-0.7.0-5.el9.src.rpm
    repoid: ubi-9-for-x86_64-baseos-source-rpms
    size: 276760
    checksum: sha256:0fe4d1387cdb9c79ee26a6677df578b4d30facf4afa06cfa674fb686c3fa754a
    name: libcbor
    evr: 0.7.0-5.el9
  - url: https://cdn-ubi.redhat.com/content/public/ubi/dist/ubi9/9/x86_64/baseos/source/SRPMS/Packages/l/libdb-5.3.28-57.el9_6.src.rpm
    repoid: ubi-9-for-x86_64-baseos-source-rpms
    size: 35290920
    checksum: sha256:6a74a3d96bd4657659524050945e2a47e93779addf2de374a13e1baf32b4ab8d
    name: libdb
    evr: 5.3.28-57.el9_6
  - url: https://cdn-ubi.redhat.com/content/public/ubi/dist/ubi9/9/x86_64/baseos/source/SRPMS/Packages/l/libeconf-0.4.1-7.el9_8.src.rpm
    repoid: ubi-9-for-x86_64-baseos-source-rpms
    size: 206886
    checksum: sha256:425009c96135f39ca7bdb8a6ea948187d052d339dd76235979439fbd169da331
    name: libeconf
    evr: 0.4.1-7.el9_8
  - url: https://cdn-ubi.redhat.com/content/public/ubi/dist/ubi9/9/x86_64/baseos/source/SRPMS/Packages/l/libedit-3.1-39.20210216cvs.el9.src.rpm
    repoid: ubi-9-for-x86_64-baseos-source-rpms
    size: 536886
    checksum: sha256:6fc876ae57fdeb5d64557015d9225f828c95029314bc5f26e31127e95c373244
    name: libedit
    evr: 3.1-39.20210216cvs.el9
  - url: https://cdn-ubi.redhat.com/content/public/ubi/dist/ubi9/9/x86_64/baseos/source/SRPMS/Packages/l/libfido2-1.13.0-2.el9.src.rpm
    repoid: ubi-9-for-x86_64-baseos-source-rpms
    size: 865138
    checksum: sha256:c3f125f8b3242600cc1013183930e990b4b791c0d6c6544bf371a28c7abfebe1
    name: libfido2
    evr: 1.13.0-2.el9
  - url: https://cdn-ubi.redhat.com/content/public/ubi/dist/ubi9/9/x86_64/baseos/source/SRPMS/Packages/l/libmnl-1.0.4-16.el9_4.src.rpm
    repoid: ubi-9-for-x86_64-baseos-source-rpms
    size: 313835
    checksum: sha256:ebfb5c801e7a3a2b83b4c4612ea923b9dd155428e738ff52b03e8966b78d2c08
    name: libmnl
    evr: 1.0.4-16.el9_4
  - url: https://cdn-ubi.redhat.com/content/public/ubi/dist/ubi9/9/x86_64/baseos/source/SRPMS/Packages/l/libnetfilter_conntrack-1.0.9-1.el9.src.rpm
    repoid: ubi-9-for-x86_64-baseos-source-rpms
    size: 388193
    checksum: sha256:959db92c90bf83ba3634cc4b7600288f7620c247acc7e6ee072f455458eaad0e
    name: libnetfilter_conntrack
    evr: 1.0.9-1.el9
  - url: https://cdn-ubi.redhat.com/content/public/ubi/dist/ubi9/9/x86_64/baseos/source/SRPMS/Packages/l/libnfnetlink-1.0.1-23.el9_5.src.rpm
    repoid: ubi-9-for-x86_64-baseos-source-rpms
    size: 334502
    checksum: sha256:c4509f7791e6fcebc1470eaca4dfd6add95c308559e61efa4833a76d2f1acedb
    name: libnfnetlink
    evr: 1.0.1-23.el9_5
  - url: https://cdn-ubi.redhat.com/content/public/ubi/dist/ubi9/9/x86_64/baseos/source/SRPMS/Packages/l/libnftnl-1.2.6-4.el9_4.src.rpm
    repoid: ubi-9-for-x86_64-baseos-source-rpms
    size: 400952
    checksum: sha256:125de9f4ca8c293ccc5de32f6cc7dde0e4458f75aefc56b09924c15e56fee98a
    name: libnftnl
    evr: 1.2.6-4.el9_4
  - url: https://cdn-ubi.redhat.com/content/public/ubi/dist/ubi9/9/x86_64/baseos/source/SRPMS/Packages/l/libnl3-3.11.0-1.el9.src.rpm
    repoid: ubi-9-for-x86_64-baseos-source-rpms
    size: 5068824
    checksum: sha256:13f6ea90f26fbc96e3754584a576c03ca41221fc939164f5a7b6341a6372fd7a
    name: libnl3
    evr: 3.11.0-1.el9
  - url: https://cdn-ubi.redhat.com/content/public/ubi/dist/ubi9/9/x86_64/baseos/source/SRPMS/Packages/l/libpwquality-1.4.4-8.el9.src.rpm
    repoid: ubi-9-for-x86_64-baseos-source-rpms
    size: 447225
    checksum: sha256:14fbf335e2c6f22b441a9750a69b7c41e197c4dd21adac701fd81f17660ee0b4
    name: libpwquality
    evr: 1.4.4-8.el9
  - url: https://cdn-ubi.redhat.com/content/public/ubi/dist/ubi9/9/x86_64/baseos/source/SRPMS/Packages/l/libseccomp-2.5.2-2.el9.src.rpm
    repoid: ubi-9-for-x86_64-baseos-source-rpms
    size: 653169
    checksum: sha256:43dd0fa2cd26306e2017704075e628bbe675c8731b17848df82f3b59337f1be8
    name: libseccomp
    evr: 2.5.2-2.el9
  - url: https://cdn-ubi.redhat.com/content/public/ubi/dist/ubi9/9/x86_64/baseos/source/SRPMS/Packages/l/libtirpc-1.3.3-9.el9.src.rpm
    repoid: ubi-9-for-x86_64-baseos-source-rpms
    size: 589716
    checksum: sha256:95d684042f4c5f63ac57923639fd1e7d6d278766b4ee99feb24baa5567fe4b7e
    name: libtirpc
    evr: 1.3.3-9.el9
  - url: https://cdn-ubi.redhat.com/content/public/ubi/dist/ubi9/9/x86_64/baseos/source/SRPMS/Packages/l/libutempter-1.2.1-6.el9.src.rpm
    repoid: ubi-9-for-x86_64-baseos-source-rpms
    size: 30093
    checksum: sha256:e48843d2734fefad084a86165860ea9575bdc53f63bb5845d8807ce9ccb4f914
    name: libutempter
    evr: 1.2.1-6.el9
  - url: https://cdn-ubi.redhat.com/content/public/ubi/dist/ubi9/9/x86_64/baseos/source/SRPMS/Packages/l/libxcrypt-4.4.18-3.el9.src.rpm
    repoid: ubi-9-for-x86_64-baseos-source-rpms
    size: 543970
    checksum: sha256:d18f72eb41ecd0370e2e47f1dc5774be54e9ff3b4dd333578017666c7c488f40
    name: libxcrypt
    evr: 4.4.18-3.el9
  - url: https://cdn-ubi.redhat.com/content/public/ubi/dist/ubi9/9/x86_64/baseos/source/SRPMS/Packages/n/nftables-1.0.9-7.el9_8.src.rpm
    repoid: ubi-9-for-x86_64-baseos-source-rpms
    size: 1019650
    checksum: sha256:5075e2792f601af95ad1847d185b438479d16be60ed099a6a163a7306b55d7cd
    name: nftables
    evr: 1:1.0.9-7.el9_8
  - url: https://cdn-ubi.redhat.com/content/public/ubi/dist/ubi9/9/x86_64/baseos/source/SRPMS/Packages/o/openssh-9.9p1-7.el9_8.src.rpm
    repoid: ubi-9-for-x86_64-baseos-source-rpms
    size: 2552961
    checksum: sha256:3a5a65ba73ffe4f8b08dacb2247f95336dadb2e930eceaeb8746ddc998efe2a6
    name: openssh
    evr: 9.9p1-7.el9_8
  - url: https://cdn-ubi.redhat.com/content/public/ubi/dist/ubi9/9/x86_64/baseos/source/SRPMS/Packages/o/openssl-3.5.5-4.el9_8.src.rpm
    repoid: ubi-9-for-x86_64-baseos-source-rpms
    size: 53362961
    checksum: sha256:7f1e764394ad2e1a4915fef182edbaad643dab6b59cbd52679a0962b26cb5d36
    name: openssl
    evr: 1:3.5.5-4.el9_8
  - url: https://cdn-ubi.redhat.com/content/public/ubi/dist/ubi9/9/x86_64/baseos/source/SRPMS/Packages/p/pam-1.5.1-28.el9.src.rpm
    repoid: ubi-9-for-x86_64-baseos-source-rpms
    size: 1133226
    checksum: sha256:d88f44d73e9ccb288d75fd5490dc1434b06e88966febed66648775a0b46fb50c
    name: pam
    evr: 1.5.1-28.el9
  - url: https://cdn-ubi.redhat.com/content/public/ubi/dist/ubi9/9/x86_64/baseos/source/SRPMS/Packages/p/protobuf-c-1.3.3-13.el9.src.rpm
    repoid: ubi-9-for-x86_64-baseos-source-rpms
    size: 513224
    checksum: sha256:d4d82978c58a2f9ca8e24b953fd9ac74efee41572ec9649c4f2f183cda98b33f
    name: protobuf-c
    evr: 1.3.3-13.el9
  - url: https://cdn-ubi.redhat.com/content/public/ubi/dist/ubi9/9/x86_64/baseos/source/SRPMS/Packages/s/shadow-utils-4.9-16.el9.src.rpm
    repoid: ubi-9-for-x86_64-baseos-source-rpms
    size: 1713058
    checksum: sha256:771a5ed07cdb690c75cd428a8113e2ee471270044e6cb8025d92c54e32c180ff
    name: shadow-utils
    evr: 2:4.9-16.el9
  - url: https://cdn-ubi.redhat.com/content/public/ubi/dist/ubi9/9/x86_64/baseos/source/SRPMS/Packages/s/sqlite-3.34.1-10.el9_8.src.rpm
    repoid: ubi-9-for-x86_64-baseos-source-rpms
    size: 25116090
    checksum: sha256:4387ae8d5a5a0b972b7a8612dca277499a43e7991163c7519e8a0ced2e57c90a
    name: sqlite
    evr: 3.34.1-10.el9_8
  - url: https://cdn-ubi.redhat.com/content/public/ubi/dist/ubi9/9/x86_64/baseos/source/SRPMS/Packages/t/tar-1.34-11.el9.src.rpm
    repoid: ubi-9-for-x86_64-baseos-source-rpms
    size: 2294162
    checksum: sha256:13204f7499944b3fe773cbdf0b9bb2de31eaa9a4c69f31830fb9e54506bcb9b6
    name: tar
    evr: 2:1.34-11.el9
  - url: https://cdn-ubi.redhat.com/content/public/ubi/dist/ubi9/9/x86_64/baseos/source/SRPMS/Packages/u/util-linux-2.37.4-25.el9.src.rpm
    repoid: ubi-9-for-x86_64-baseos-source-rpms
    size: 6291867
    checksum: sha256:6c788387cde9c0fde5481382f3f8416e3ecbcf09c908b409b6c63358b90a399f
    name: util-linux
    evr: 2.37.4-25.el9
  - url: https://cdn-ubi.redhat.com/content/public/ubi/dist/ubi9/9/x86_64/baseos/source/SRPMS/Packages/w/which-2.21-30.el9_6.src.rpm
    repoid: ubi-9-for-x86_64-baseos-source-rpms
    size: 163429
    checksum: sha256:3ab75392900a7b7d5b7e869c0d5beba9e184e970946e328f995f79f2e35397ff
    name: which
    evr: 2.21-30.el9_6
  module_metadata: []
